
Microsoft Visual Studio Solution File, Format Version 12.00
# Visual Studio Version 17
VisualStudioVersion = 17.9.34622.214
MinimumVisualStudioVersion = 10.0.40219.1
Project("{9A19103F-16F7-4668-BE54-9A1E7A4F7556}") = "EcoLens.Api", "src\EcoLens.Api\EcoLens.Api.csproj", "{9D0D760C-FB1F-4C31-A9EF-E85F58767606}"
EndProject
Project("{2150E333-8FDC-42A3-9474-1A3956D46DE8}") = "src", "src", "{BC5CC113-1179-4BF3-A8E9-8290B2A4121A}"
EndProject
Project("{2150E333-8FDC-42A3-9474-1A3956D46DE8}") = "Api", "Api", "{B32C24CE-D9C3-41D7-89FD-666574B9DA05}"
EndProject
Project("{9A19103F-16F7-4668-BE54-9A1E7A4F7556}") = "EcoLens.Tests", "test\EcoLens.Tests\EcoLens.Tests.csproj", "{E11F5DEF-EE0C-4BEA-BD23-139227EA101A}"
EndProject
Project("{2150E333-8FDC-42A3-9474-1A3956D46DE8}") = "test", "test", "{59A80E46-C39B-4979-AEE1-76F3E3C91955}"
EndProject
Project("{2150E333-8FDC-42A3-9474-1A3956D46DE8}") = "Features", "Features", "{7E4E902B-B0EC-4437-8990-A55AC0E7AB47}"
EndProject
Project("{2150E333-8FDC-42A3-9474-1A3956D46DE8}") = "Core", "Core", "{FF39C6EA-4F0E-40D5-966E-F3176631A72D}"
EndProject
Project("{2150E333-8FDC-42A3-9474-1A3956D46DE8}") = "Database", "Database", "{E4EF2297-80D7-4C9D-9291-ECE1BD188740}"
EndProject
Project("{9A19103F-16F7-4668-BE54-9A1E7A4F7556}") = "EcoLens.AirQuality", "src\EcoLens.AirQuality\EcoLens.AirQuality.csproj", "{8D96B389-418E-465A-AEF7-274470B88B3C}"
EndProject
Project("{9A19103F-16F7-4668-BE54-9A1E7A4F7556}") = "EcoLens.Events", "src\EcoLens.Events\EcoLens.Events.csproj", "{A68058F9-0945-4FA0-B333-22322B86BF86}"
EndProject
Project("{FAE04EC0-301F-11D3-BF4B-00C04F79EFBC}") = "EcoLens.Database", "src\EcoLens.Database\EcoLens.Database.csproj", "{4A3F30BB-709A-4807-9B86-4DBF402BD5AA}"
EndProject
Project("{FAE04EC0-301F-11D3-BF4B-00C04F79EFBC}") = "EcoLens.Common", "src\EcoLens.Common\EcoLens.Common.csproj", "{CE7B5257-2F51-4424-953B-BCA54856B3BE}"
EndProject
Project("{FAE04EC0-301F-11D3-BF4B-00C04F79EFBC}") = "EcoLens.Infrastructure", "src\EcoLens.Infrastructure\EcoLens.Infrastructure.csproj", "{AF8A0487-EE79-460C-ADBC-DA2EC90E28F2}"
EndProject
Project("{2150E333-8FDC-42A3-9474-1A3956D46DE8}") = "Solution Items", "Solution Items", "{AE0B4CCD-4B78-4118-9B48-A754F0C12204}"
EndProject
Global
	GlobalSection(SolutionConfigurationPlatforms) = preSolution
		Debug|Any CPU = Debug|Any CPU
		Release|Any CPU = Release|Any CPU
	EndGlobalSection
	GlobalSection(ProjectConfigurationPlatforms) = postSolution
		{9D0D760C-FB1F-4C31-A9EF-E85F58767606}.Debug|Any CPU.ActiveCfg = Debug|Any CPU
		{9D0D760C-FB1F-4C31-A9EF-E85F58767606}.Debug|Any CPU.Build.0 = Debug|Any CPU
		{9D0D760C-FB1F-4C31-A9EF-E85F58767606}.Release|Any CPU.ActiveCfg = Release|Any CPU
		{9D0D760C-FB1F-4C31-A9EF-E85F58767606}.Release|Any CPU.Build.0 = Release|Any CPU
		{E11F5DEF-EE0C-4BEA-BD23-139227EA101A}.Debug|Any CPU.ActiveCfg = Debug|Any CPU
		{E11F5DEF-EE0C-4BEA-BD23-139227EA101A}.Debug|Any CPU.Build.0 = Debug|Any CPU
		{E11F5DEF-EE0C-4BEA-BD23-139227EA101A}.Release|Any CPU.ActiveCfg = Release|Any CPU
		{E11F5DEF-EE0C-4BEA-BD23-139227EA101A}.Release|Any CPU.Build.0 = Release|Any CPU
		{8D96B389-418E-465A-AEF7-274470B88B3C}.Debug|Any CPU.ActiveCfg = Debug|Any CPU
		{8D96B389-418E-465A-AEF7-274470B88B3C}.Debug|Any CPU.Build.0 = Debug|Any CPU
		{8D96B389-418E-465A-AEF7-274470B88B3C}.Release|Any CPU.ActiveCfg = Release|Any CPU
		{8D96B389-418E-465A-AEF7-274470B88B3C}.Release|Any CPU.Build.0 = Release|Any CPU
		{A68058F9-0945-4FA0-B333-22322B86BF86}.Debug|Any CPU.ActiveCfg = Debug|Any CPU
		{A68058F9-0945-4FA0-B333-22322B86BF86}.Debug|Any CPU.Build.0 = Debug|Any CPU
		{A68058F9-0945-4FA0-B333-22322B86BF86}.Release|Any CPU.ActiveCfg = Release|Any CPU
		{A68058F9-0945-4FA0-B333-22322B86BF86}.Release|Any CPU.Build.0 = Release|Any CPU
		{4A3F30BB-709A-4807-9B86-4DBF402BD5AA}.Debug|Any CPU.ActiveCfg = Debug|Any CPU
		{4A3F30BB-709A-4807-9B86-4DBF402BD5AA}.Debug|Any CPU.Build.0 = Debug|Any CPU
		{4A3F30BB-709A-4807-9B86-4DBF402BD5AA}.Release|Any CPU.ActiveCfg = Release|Any CPU
		{4A3F30BB-709A-4807-9B86-4DBF402BD5AA}.Release|Any CPU.Build.0 = Release|Any CPU
		{CE7B5257-2F51-4424-953B-BCA54856B3BE}.Debug|Any CPU.ActiveCfg = Debug|Any CPU
		{CE7B5257-2F51-4424-953B-BCA54856B3BE}.Debug|Any CPU.Build.0 = Debug|Any CPU
		{CE7B5257-2F51-4424-953B-BCA54856B3BE}.Release|Any CPU.ActiveCfg = Release|Any CPU
		{CE7B5257-2F51-4424-953B-BCA54856B3BE}.Release|Any CPU.Build.0 = Release|Any CPU
		{AF8A0487-EE79-460C-ADBC-DA2EC90E28F2}.Debug|Any CPU.ActiveCfg = Debug|Any CPU
		{AF8A0487-EE79-460C-ADBC-DA2EC90E28F2}.Debug|Any CPU.Build.0 = Debug|Any CPU
		{AF8A0487-EE79-460C-ADBC-DA2EC90E28F2}.Release|Any CPU.ActiveCfg = Release|Any CPU
		{AF8A0487-EE79-460C-ADBC-DA2EC90E28F2}.Release|Any CPU.Build.0 = Release|Any CPU
	EndGlobalSection
	GlobalSection(SolutionProperties) = preSolution
		HideSolutionNode = FALSE
	EndGlobalSection
	GlobalSection(NestedProjects) = preSolution
		{9D0D760C-FB1F-4C31-A9EF-E85F58767606} = {B32C24CE-D9C3-41D7-89FD-666574B9DA05}
		{B32C24CE-D9C3-41D7-89FD-666574B9DA05} = {BC5CC113-1179-4BF3-A8E9-8290B2A4121A}
		{E11F5DEF-EE0C-4BEA-BD23-139227EA101A} = {59A80E46-C39B-4979-AEE1-76F3E3C91955}
		{7E4E902B-B0EC-4437-8990-A55AC0E7AB47} = {BC5CC113-1179-4BF3-A8E9-8290B2A4121A}
		{FF39C6EA-4F0E-40D5-966E-F3176631A72D} = {BC5CC113-1179-4BF3-A8E9-8290B2A4121A}
		{E4EF2297-80D7-4C9D-9291-ECE1BD188740} = {BC5CC113-1179-4BF3-A8E9-8290B2A4121A}
		{8D96B389-418E-465A-AEF7-274470B88B3C} = {7E4E902B-B0EC-4437-8990-A55AC0E7AB47}
		{A68058F9-0945-4FA0-B333-22322B86BF86} = {FF39C6EA-4F0E-40D5-966E-F3176631A72D}
		{4A3F30BB-709A-4807-9B86-4DBF402BD5AA} = {E4EF2297-80D7-4C9D-9291-ECE1BD188740}
		{CE7B5257-2F51-4424-953B-BCA54856B3BE} = {FF39C6EA-4F0E-40D5-966E-F3176631A72D}
		{AF8A0487-EE79-460C-ADBC-DA2EC90E28F2} = {FF39C6EA-4F0E-40D5-966E-F3176631A72D}
	EndGlobalSection
	GlobalSection(ExtensibilityGlobals) = postSolution
		SolutionGuid = {D2CE1119-0B98-4B73-AFC9-AAD214D2D241}
	EndGlobalSection
EndGlobal
